
Microsoft Visual Studio Solution File, Format Version 12.00
# Visual Studio Version 17
VisualStudioVersion = 17.5.002.0
MinimumVisualStudioVersion = 10.0.40219.1
Project("{9A19103F-16F7-4668-BE54-9A1E7A4F7556}") = "Atividade10", "Atividade10.csproj", "{BCF87EF8-7F99-4F63-A05C-362E6FB25735}"
EndProject
Global
	GlobalSection(SolutionConfigurationPlatforms) = preSolution
		Debug|Any CPU = Debug|Any CPU
		Release|Any CPU = Release|Any CPU
	EndGlobalSection
	GlobalSection(ProjectConfigurationPlatforms) = postSolution
		{BCF87EF8-7F99-4F63-A05C-362E6FB25735}.Debug|Any CPU.ActiveCfg = Debug|Any CPU
		{BCF87EF8-7F99-4F63-A05C-362E6FB25735}.Debug|Any CPU.Build.0 = Debug|Any CPU
		{BCF87EF8-7F99-4F63-A05C-362E6FB25735}.Release|Any CPU.ActiveCfg = Release|Any CPU
		{BCF87EF8-7F99-4F63-A05C-362E6FB25735}.Release|Any CPU.Build.0 = Release|Any CPU
	EndGlobalSection
	GlobalSection(SolutionProperties) = preSolution
		HideSolutionNode = FALSE
	EndGlobalSection
	GlobalSection(ExtensibilityGlobals) = postSolution
		SolutionGuid = {27C47540-F73F-4B32-8318-ABA6963A470A}
	EndGlobalSection
EndGlobal
